
Microsoft Visual Studio Solution File, Format Version 12.00
# Visual Studio Version 17
VisualStudioVersion = 17.2.32616.157
MinimumVisualStudioVersion = 10.0.40219.1
Project("{8BC9CEB8-8B4A-11D0-8D11-00A0C91BC942}") = "ConsoleApplication1", "ConsoleApplication1\ConsoleApplication1.vcxproj", "{A995644F-D114-4A84-888B-91C117D29173}"
EndProject
Project("{8BC9CEB8-8B4A-11D0-8D11-00A0C91BC942}") = "unit-test-project", "unit-test-project\unit-test-project.vcxproj", "{56F9E6E0-7D16-4E8E-9FB7-5D5689531D28}"
EndProject
Global
	GlobalSection(SolutionConfigurationPlatforms) = preSolution
		Debug|x64 = Debug|x64
		Debug|x86 = Debug|x86
		Release|x64 = Release|x64
		Release|x86 = Release|x86
	EndGlobalSection
	GlobalSection(ProjectConfigurationPlatforms) = postSolution
		{A995644F-D114-4A84-888B-91C117D29173}.Debug|x64.ActiveCfg = Debug|x64
		{A995644F-D114-4A84-888B-91C117D29173}.Debug|x64.Build.0 = Debug|x64
		{A995644F-D114-4A84-888B-91C117D29173}.Debug|x86.ActiveCfg = Debug|Win32
		{A995644F-D114-4A84-888B-91C117D29173}.Debug|x86.Build.0 = Debug|Win32
		{A995644F-D114-4A84-888B-91C117D29173}.Release|x64.ActiveCfg = Release|x64
		{A995644F-D114-4A84-888B-91C117D29173}.Release|x64.Build.0 = Release|x64
		{A995644F-D114-4A84-888B-91C117D29173}.Release|x86.ActiveCfg = Release|Win32
		{A995644F-D114-4A84-888B-91C117D29173}.Release|x86.Build.0 = Release|Win32
		{56F9E6E0-7D16-4E8E-9FB7-5D5689531D28}.Debug|x64.ActiveCfg = Debug|x64
		{56F9E6E0-7D16-4E8E-9FB7-5D5689531D28}.Debug|x64.Build.0 = Debug|x64
		{56F9E6E0-7D16-4E8E-9FB7-5D5689531D28}.Debug|x86.ActiveCfg = Debug|Win32
		{56F9E6E0-7D16-4E8E-9FB7-5D5689531D28}.Debug|x86.Build.0 = Debug|Win32
		{56F9E6E0-7D16-4E8E-9FB7-5D5689531D28}.Release|x64.ActiveCfg = Release|x64
		{56F9E6E0-7D16-4E8E-9FB7-5D5689531D28}.Release|x64.Build.0 = Release|x64
		{56F9E6E0-7D16-4E8E-9FB7-5D5689531D28}.Release|x86.ActiveCfg = Release|Win32
		{56F9E6E0-7D16-4E8E-9FB7-5D5689531D28}.Release|x86.Build.0 = Release|Win32
	EndGlobalSection
	GlobalSection(SolutionProperties) = preSolution
		HideSolutionNode = FALSE
	EndGlobalSection
	GlobalSection(ExtensibilityGlobals) = postSolution
		SolutionGuid = {B1E2E643-5B52-4C2C-8C57-09A9EBB1DF04}
	EndGlobalSection
EndGlobal
